
Microsoft Visual Studio Solution File, Format Version 12.00
# Visual Studio Version 17
VisualStudioVersion = 17.4.33205.214
MinimumVisualStudioVersion = 10.0.40219.1
Project("{FAE04EC0-301F-11D3-BF4B-00C04F79EFBC}") = "TodoListClient", "TodoListClient\TodoListClient.csproj", "{DD651EF9-DAC1-4F4D-82CA-9773BCF8EEFC}"
EndProject
Project("{FAE04EC0-301F-11D3-BF4B-00C04F79EFBC}") = "TodoListService", "TodoListService\TodoListService.csproj", "{79EC28FD-AADA-4F41-B6CE-3C9CBB8C65BB}"
EndProject
Global
	GlobalSection(SolutionConfigurationPlatforms) = preSolution
		Debug|Any CPU = Debug|Any CPU
		Release|Any CPU = Release|Any CPU
	EndGlobalSection
	GlobalSection(ProjectConfigurationPlatforms) = postSolution
		{DD651EF9-DAC1-4F4D-82CA-9773BCF8EEFC}.Debug|Any CPU.ActiveCfg = Debug|Any CPU
		{DD651EF9-DAC1-4F4D-82CA-9773BCF8EEFC}.Debug|Any CPU.Build.0 = Debug|Any CPU
		{DD651EF9-DAC1-4F4D-82CA-9773BCF8EEFC}.Release|Any CPU.ActiveCfg = Release|Any CPU
		{DD651EF9-DAC1-4F4D-82CA-9773BCF8EEFC}.Release|Any CPU.Build.0 = Release|Any CPU
		{79EC28FD-AADA-4F41-B6CE-3C9CBB8C65BB}.Debug|Any CPU.ActiveCfg = Debug|Any CPU
		{79EC28FD-AADA-4F41-B6CE-3C9CBB8C65BB}.Debug|Any CPU.Build.0 = Debug|Any CPU
		{79EC28FD-AADA-4F41-B6CE-3C9CBB8C65BB}.Release|Any CPU.ActiveCfg = Release|Any CPU
		{79EC28FD-AADA-4F41-B6CE-3C9CBB8C65BB}.Release|Any CPU.Build.0 = Release|Any CPU
	EndGlobalSection
	GlobalSection(SolutionProperties) = preSolution
		HideSolutionNode = FALSE
	EndGlobalSection
	GlobalSection(ExtensibilityGlobals) = postSolution
		SolutionGuid = {808D27E3-D683-4733-974C-9BB9ED3009A1}
	EndGlobalSection
EndGlobal
